<?xml version="1.0" encoding="utf-8"?>
<Project ToolsVersion="4.0" xmlns="http://schemas.microsoft.com/developer/msbuild/2003">
  <ItemGroup>
    <Filter Include="Classifiers">
      <UniqueIdentifier>{93995380-89BD-4b04-88EB-625FBE52EBFB}</UniqueIdentifier>
      <Extensions>h;hh;hpp;hxx;hm;inl;inc;ipp;xsd</Extensions>
    </Filter>
    <Filter Include="Demonstrator">
      <UniqueIdentifier>{a1290051-9c48-45e6-9a81-91c9948e07b4}</UniqueIdentifier>
    </Filter>
    <Filter Include="Environments">
      <UniqueIdentifier>{b97171a6-0ab5-4c97-a0ec-40158f3fdc38}</UniqueIdentifier>
    </Filter>
    <Filter Include="Environments\InformationAquisition">
      <UniqueIdentifier>{0761ace5-c550-44b7-b54f-0aab91c07ab8}</UniqueIdentifier>
    </Filter>
    <Filter Include="Environments\NetworkMDP">
      <UniqueIdentifier>{8142d80f-e334-492e-826e-f569e7f29407}</UniqueIdentifier>
    </Filter>
    <Filter Include="Environments\PoultryMDP">
      <UniqueIdentifier>{67e6dadd-ba5b-4b12-9786-f65b58d725c8}</UniqueIdentifier>
    </Filter>
    <Filter Include="Environments\SimpleMDP">
      <UniqueIdentifier>{548cf21c-f7b1-4e31-8e34-dc26dc796e9a}</UniqueIdentifier>
    </Filter>
    <Filter Include="Simulator">
      <UniqueIdentifier>{123fe0e0-9353-4cfd-a4d7-7b0fe074ceba}</UniqueIdentifier>
    </Filter>
    <Filter Include="Utilities">
      <UniqueIdentifier>{713b3c41-93a0-4e41-a482-f23d2c774ccd}</UniqueIdentifier>
    </Filter>
    <Filter Include="ExactSolver">
      <UniqueIdentifier>{00fc7de6-7c8a-46ef-afab-318ca93e22b1}</UniqueIdentifier>
    </Filter>
    <Filter Include="Main">
      <UniqueIdentifier>{0c583208-ad8e-4b14-8f3e-ccdc6d30e5e9}</UniqueIdentifier>
    </Filter>
    <Filter Include="Adapters">
      <UniqueIdentifier>{2db5e38e-56b3-4f09-b79b-b248903076c6}</UniqueIdentifier>
    </Filter>
    <Filter Include="MDPModellingHelpers">
      <UniqueIdentifier>{e5c59ab7-7c2d-4df1-8a6d-9a55d91f128f}</UniqueIdentifier>
    </Filter>
    <Filter Include="ApproximatePolicyIteration">
      <UniqueIdentifier>{09817a1a-a553-4811-aca8-0b0e458d623a}</UniqueIdentifier>
    </Filter>
    <Filter Include="Environments\TravelingRepairWoman">
      <UniqueIdentifier>{d0275c17-128c-4696-b324-c7d4a45a3588}</UniqueIdentifier>
    </Filter>
    <Filter Include="Environments\SCGameMDP">
      <UniqueIdentifier>{366b9466-6911-4d6e-8cce-ae2c8daaddcf}</UniqueIdentifier>
    </Filter>
    <Filter Include="Environments\LostSalesMDP">
      <UniqueIdentifier>{cd33e4c2-45ca-4608-b310-62a6a61757f0}</UniqueIdentifier>
    </Filter>
    <Filter Include="Environments\SLAInvMDP">
      <UniqueIdentifier>{02a6af7c-eeed-457a-848e-14b69cd53e42}</UniqueIdentifier>
    </Filter>
  </ItemGroup>
  <ItemGroup>
    <ClCompile Include="InfoAcqMDP.cpp">
      <Filter>Environments\InformationAquisition</Filter>
    </ClCompile>
    <ClCompile Include="InfoAcqState.cpp">
      <Filter>Environments\InformationAquisition</Filter>
    </ClCompile>
    <ClCompile Include="NetworkAgent.cpp">
      <Filter>Environments\NetworkMDP</Filter>
    </ClCompile>
    <ClCompile Include="NetworkMDP.cpp">
      <Filter>Environments\NetworkMDP</Filter>
    </ClCompile>
    <ClCompile Include="NetworkState.cpp">
      <Filter>Environments\NetworkMDP</Filter>
    </ClCompile>
    <ClCompile Include="PoultryAgent.cpp">
      <Filter>Environments\PoultryMDP</Filter>
    </ClCompile>
    <ClCompile Include="PoultryMDP.cpp">
      <Filter>Environments\PoultryMDP</Filter>
    </ClCompile>
    <ClCompile Include="PoultryState.cpp">
      <Filter>Environments\PoultryMDP</Filter>
    </ClCompile>
    <ClCompile Include="SimpleAgent.cpp">
      <Filter>Environments\SimpleMDP</Filter>
    </ClCompile>
    <ClCompile Include="SimpleMDP.cpp">
      <Filter>Environments\SimpleMDP</Filter>
    </ClCompile>
    <ClCompile Include="SimpleState.cpp">
      <Filter>Environments\SimpleMDP</Filter>
    </ClCompile>
    <ClCompile Include="TikZGeneration.cpp">
      <Filter>Environments\NetworkMDP</Filter>
    </ClCompile>
    <ClCompile Include="HardwareUtilities.cpp">
      <Filter>Utilities</Filter>
    </ClCompile>
    <ClCompile Include="RNG.cpp">
      <Filter>Utilities</Filter>
    </ClCompile>
    <ClCompile Include="StatisticsKeeper.cpp">
      <Filter>Utilities</Filter>
    </ClCompile>
    <ClCompile Include="polIter.cpp">
      <Filter>Main</Filter>
    </ClCompile>
    <ClCompile Include="TestFunctionalities.cpp">
      <Filter>Main</Filter>
    </ClCompile>
    <ClCompile Include="Settings.cpp">
      <Filter>ApproximatePolicyIteration</Filter>
    </ClCompile>
    <ClCompile Include="TravelState.cpp">
      <Filter>Environments\TravelingRepairWoman</Filter>
    </ClCompile>
    <ClCompile Include="SCGameState.cpp">
      <Filter>Environments\SCGameMDP</Filter>
    </ClCompile>
    <ClCompile Include="TravelMDP.cpp">
      <Filter>Environments\TravelingRepairWoman</Filter>
    </ClCompile>
    <ClCompile Include="SCGameMDP.cpp">
      <Filter>Environments\SCGameMDP</Filter>
    </ClCompile>
    <ClCompile Include="LostSalesMDP.cpp">
      <Filter>Environments\LostSalesMDP</Filter>
    </ClCompile>
    <ClCompile Include="LostSalesState.cpp">
      <Filter>Environments\LostSalesMDP</Filter>
    </ClCompile>
    <ClCompile Include="DiscreteDist.cpp">
      <Filter>MDPModellingHelpers</Filter>
    </ClCompile>
    <ClCompile Include="LostSalesBaseStockAgent.cpp">
      <Filter>Environments\LostSalesMDP</Filter>
    </ClCompile>
    <ClCompile Include="SLAInvAgent.cpp">
      <Filter>Environments\SLAInvMDP</Filter>
    </ClCompile>
    <ClCompile Include="SLAInvMDP.cpp">
      <Filter>Environments\SLAInvMDP</Filter>
    </ClCompile>
    <ClCompile Include="SLAInvState.cpp">
      <Filter>Environments\SLAInvMDP</Filter>
    </ClCompile>
  </ItemGroup>
  <ItemGroup>
    <ClInclude Include="NNAgent.h">
      <Filter>Classifiers</Filter>
    </ClInclude>
    <ClInclude Include="NNModels.h">
      <Filter>Classifiers</Filter>
    </ClInclude>
    <ClInclude Include="NNTrainer.h">
      <Filter>Classifiers</Filter>
    </ClInclude>
    <ClInclude Include="Demonstrator.h">
      <Filter>Demonstrator</Filter>
    </ClInclude>
    <ClInclude Include="StateCombination.h">
      <Filter>Demonstrator</Filter>
    </ClInclude>
    <ClInclude Include="InfoAcqMDP.h">
      <Filter>Environments\InformationAquisition</Filter>
    </ClInclude>
    <ClInclude Include="InfoAcqState.h">
      <Filter>Environments\InformationAquisition</Filter>
    </ClInclude>
    <ClInclude Include="NetworkAgent.h">
      <Filter>Environments\NetworkMDP</Filter>
    </ClInclude>
    <ClInclude Include="NetworkMDP.h">
      <Filter>Environments\NetworkMDP</Filter>
    </ClInclude>
    <ClInclude Include="NetworkState.h">
      <Filter>Environments\NetworkMDP</Filter>
    </ClInclude>
    <ClInclude Include="PoultryAgent.h">
      <Filter>Environments\PoultryMDP</Filter>
    </ClInclude>
    <ClInclude Include="PoultryMDP.h">
      <Filter>Environments\PoultryMDP</Filter>
    </ClInclude>
    <ClInclude Include="PoultryState.h">
      <Filter>Environments\PoultryMDP</Filter>
    </ClInclude>
    <ClInclude Include="SimpleAgent.h">
      <Filter>Environments\SimpleMDP</Filter>
    </ClInclude>
    <ClInclude Include="SimpleMDP.h">
      <Filter>Environments\SimpleMDP</Filter>
    </ClInclude>
    <ClInclude Include="SimpleState.h">
      <Filter>Environments\SimpleMDP</Filter>
    </ClInclude>
    <ClInclude Include="TikZGeneration.h">
      <Filter>Environments\NetworkMDP</Filter>
    </ClInclude>
    <ClInclude Include="ExactMDPSolver.h">
      <Filter>ExactSolver</Filter>
    </ClInclude>
    <ClInclude Include="GreedyAgent.h">
      <Filter>ExactSolver</Filter>
    </ClInclude>
    <ClInclude Include="StateWrapper.h">
      <Filter>ExactSolver</Filter>
    </ClInclude>
    <ClInclude Include="TabularAgent.h">
      <Filter>ExactSolver</Filter>
    </ClInclude>
    <ClInclude Include="StatisticsKeeper.h">
      <Filter>Utilities</Filter>
    </ClInclude>
    <ClInclude Include="HardwareUtilities.h">
      <Filter>Utilities</Filter>
    </ClInclude>
    <ClInclude Include="AgentComparer.h">
      <Filter>Utilities</Filter>
    </ClInclude>
    <ClInclude Include="RNG.h">
      <Filter>Utilities</Filter>
    </ClInclude>
    <ClInclude Include="BanditController.h">
      <Filter>Simulator</Filter>
    </ClInclude>
    <ClInclude Include="Experiment.h">
      <Filter>Simulator</Filter>
    </ClInclude>
    <ClInclude Include="ImprovingAgent.h">
      <Filter>Simulator</Filter>
    </ClInclude>
    <ClInclude Include="RandomAgent.h">
      <Filter>Simulator</Filter>
    </ClInclude>
    <ClInclude Include="Sample.h">
      <Filter>Simulator</Filter>
    </ClInclude>
    <ClInclude Include="SampleData.h">
      <Filter>Simulator</Filter>
    </ClInclude>
    <ClInclude Include="SampleGenerator.h">
      <Filter>Simulator</Filter>
    </ClInclude>
    <ClInclude Include="StateTree.h">
      <Filter>Simulator</Filter>
    </ClInclude>
    <ClInclude Include="AgentAdapter.h">
      <Filter>Adapters</Filter>
    </ClInclude>
    <ClInclude Include="MDPAdapter.h">
      <Filter>Adapters</Filter>
    </ClInclude>
    <ClInclude Include="CartesianProduct.h">
      <Filter>MDPModellingHelpers</Filter>
    </ClInclude>
    <ClInclude Include="EventStream.h">
      <Filter>Adapters</Filter>
    </ClInclude>
    <ClInclude Include="FIFOQueue.h">
      <Filter>MDPModellingHelpers</Filter>
    </ClInclude>
    <ClInclude Include="TestFunctionalities.h">
      <Filter>Main</Filter>
    </ClInclude>
    <ClInclude Include="ApproximatePolicyIterationSolver.h">
      <Filter>ApproximatePolicyIteration</Filter>
    </ClInclude>
    <ClInclude Include="Settings.h">
      <Filter>ApproximatePolicyIteration</Filter>
    </ClInclude>
    <ClInclude Include="TravelMDP.h">
      <Filter>Environments\TravelingRepairWoman</Filter>
    </ClInclude>
    <ClInclude Include="TravelState.h">
      <Filter>Environments\TravelingRepairWoman</Filter>
    </ClInclude>
    <ClInclude Include="SCGameState.h">
      <Filter>Environments\SCGameMDP</Filter>
    </ClInclude>
    <ClInclude Include="SCGameMDP.h">
      <Filter>Environments\SCGameMDP</Filter>
    </ClInclude>
    <ClInclude Include="LostSalesMDP.h">
      <Filter>Environments\LostSalesMDP</Filter>
    </ClInclude>
    <ClInclude Include="LostSalesState.h">
      <Filter>Environments\LostSalesMDP</Filter>
    </ClInclude>
    <ClInclude Include="DiscreteDist.h">
      <Filter>MDPModellingHelpers</Filter>
    </ClInclude>
    <ClInclude Include="Trace.h">
      <Filter>Demonstrator</Filter>
    </ClInclude>
    <ClInclude Include="LostSalesBaseStockAgent.h">
      <Filter>Environments\LostSalesMDP</Filter>
    </ClInclude>
    <ClInclude Include="SLAInvAgent.h">
      <Filter>Environments\SLAInvMDP</Filter>
    </ClInclude>
    <ClInclude Include="SLAInvMDP.h">
      <Filter>Environments\SLAInvMDP</Filter>
    </ClInclude>
    <ClInclude Include="SLAInvState.h">
      <Filter>Environments\SLAInvMDP</Filter>
    </ClInclude>
  </ItemGroup>
</Project>